
Microsoft Visual Studio Solution File, Format Version 12.00
# Visual Studio Version 17
VisualStudioVersion = 17.7.34009.444
MinimumVisualStudioVersion = 10.0.40219.1
Project("{FAE04EC0-301F-11D3-BF4B-00C04F79EFBC}") = "Presentation", "Presentation\Presentation.csproj", "{07800C08-45F7-4CA2-B234-B6541799F3CD}"
EndProject
Project("{FAE04EC0-301F-11D3-BF4B-00C04F79EFBC}") = "Business", "Business\Business.csproj", "{4EED37D7-778C-48FE-A6B1-A5F86825CFF9}"
EndProject
Project("{FAE04EC0-301F-11D3-BF4B-00C04F79EFBC}") = "Common", "Common\Common.csproj", "{F0E150D9-FBA1-4F98-9013-B5DD358900CF}"
EndProject
Project("{FAE04EC0-301F-11D3-BF4B-00C04F79EFBC}") = "DataAccess", "DataAccess\DataAccess.csproj", "{648E9F6C-82D6-42F8-A3B5-F04CCC670438}"
EndProject
Global
	GlobalSection(SolutionConfigurationPlatforms) = preSolution
		Debug|Any CPU = Debug|Any CPU
		Release|Any CPU = Release|Any CPU
	EndGlobalSection
	GlobalSection(ProjectConfigurationPlatforms) = postSolution
		{07800C08-45F7-4CA2-B234-B6541799F3CD}.Debug|Any CPU.ActiveCfg = Debug|Any CPU
		{07800C08-45F7-4CA2-B234-B6541799F3CD}.Debug|Any CPU.Build.0 = Debug|Any CPU
		{07800C08-45F7-4CA2-B234-B6541799F3CD}.Release|Any CPU.ActiveCfg = Release|Any CPU
		{07800C08-45F7-4CA2-B234-B6541799F3CD}.Release|Any CPU.Build.0 = Release|Any CPU
		{4EED37D7-778C-48FE-A6B1-A5F86825CFF9}.Debug|Any CPU.ActiveCfg = Debug|Any CPU
		{4EED37D7-778C-48FE-A6B1-A5F86825CFF9}.Debug|Any CPU.Build.0 = Debug|Any CPU
		{4EED37D7-778C-48FE-A6B1-A5F86825CFF9}.Release|Any CPU.ActiveCfg = Release|Any CPU
		{4EED37D7-778C-48FE-A6B1-A5F86825CFF9}.Release|Any CPU.Build.0 = Release|Any CPU
		{F0E150D9-FBA1-4F98-9013-B5DD358900CF}.Debug|Any CPU.ActiveCfg = Debug|Any CPU
		{F0E150D9-FBA1-4F98-9013-B5DD358900CF}.Debug|Any CPU.Build.0 = Debug|Any CPU
		{F0E150D9-FBA1-4F98-9013-B5DD358900CF}.Release|Any CPU.ActiveCfg = Release|Any CPU
		{F0E150D9-FBA1-4F98-9013-B5DD358900CF}.Release|Any CPU.Build.0 = Release|Any CPU
		{648E9F6C-82D6-42F8-A3B5-F04CCC670438}.Debug|Any CPU.ActiveCfg = Debug|Any CPU
		{648E9F6C-82D6-42F8-A3B5-F04CCC670438}.Debug|Any CPU.Build.0 = Debug|Any CPU
		{648E9F6C-82D6-42F8-A3B5-F04CCC670438}.Release|Any CPU.ActiveCfg = Release|Any CPU
		{648E9F6C-82D6-42F8-A3B5-F04CCC670438}.Release|Any CPU.Build.0 = Release|Any CPU
	EndGlobalSection
	GlobalSection(SolutionProperties) = preSolution
		HideSolutionNode = FALSE
	EndGlobalSection
	GlobalSection(ExtensibilityGlobals) = postSolution
		SolutionGuid = {B665B4DA-BBA3-4E73-B408-391060AF6B02}
	EndGlobalSection
EndGlobal
